
Microsoft Visual Studio Solution File, Format Version 11.00
# Visual Studio 2010
Project("{FAE04EC0-301F-11D3-BF4B-00C04F79EFBC}") = "CodeFramework", "CodeFramework\CodeFramework.csproj", "{FECA9DCA-3B0B-4C0E-B7B4-E826C1BFDDB2}"
EndProject
Project("{2150E333-8FDC-42A3-9474-1A3956D46DE8}") = "Libraries", "Libraries", "{717B4DC0-B403-448A-905A-37AC0773F6E3}"
EndProject
Project("{FAE04EC0-301F-11D3-BF4B-00C04F79EFBC}") = "UserVoice", "monotouch-uservoice\UserVoice\UserVoice\UserVoice.csproj", "{3A0C5D98-D568-43C1-A877-B1BA00BA4A87}"
EndProject
Project("{FAE04EC0-301F-11D3-BF4B-00C04F79EFBC}") = "OHAttributedLabel", "OHAttributedLabel\OHAttributedLabel.csproj", "{1FD1BA85-25F8-460D-B588-0E753CFF578D}"
EndProject
Project("{FAE04EC0-301F-11D3-BF4B-00C04F79EFBC}") = "MonoTouch.SlideoutNavigation", "MonoTouch.SlideoutNavigation\MonoTouch.SlideoutNavigation\MonoTouch.SlideoutNavigation.csproj", "{6D7B9B53-CFEF-46BE-A608-14A4A1381CF6}"
EndProject
Project("{FAE04EC0-301F-11D3-BF4B-00C04F79EFBC}") = "MonoTouch.Dialog", "MonoTouch.Dialog\MonoTouch.Dialog\MonoTouch.Dialog.csproj", "{3FFBFFF8-5560-4EDE-82E5-3FFDFBBA8A50}"
EndProject
Global
	GlobalSection(SolutionConfigurationPlatforms) = preSolution
		Debug|Any CPU = Debug|Any CPU
		Release|Any CPU = Release|Any CPU
		Debug|iPhoneSimulator = Debug|iPhoneSimulator
		Release|iPhoneSimulator = Release|iPhoneSimulator
		Debug|iPhone = Debug|iPhone
		Release|iPhone = Release|iPhone
		AdHoc|iPhone = AdHoc|iPhone
		AppStore|iPhone = AppStore|iPhone
		AdHoc|iPhoneSimulator = AdHoc|iPhoneSimulator
		AppStore|iPhoneSimulator = AppStore|iPhoneSimulator
	EndGlobalSection
	GlobalSection(ProjectConfigurationPlatforms) = postSolution
		{1FD1BA85-25F8-460D-B588-0E753CFF578D}.AdHoc|iPhone.ActiveCfg = Debug|Any CPU
		{1FD1BA85-25F8-460D-B588-0E753CFF578D}.AdHoc|iPhone.Build.0 = Debug|Any CPU
		{1FD1BA85-25F8-460D-B588-0E753CFF578D}.AdHoc|iPhoneSimulator.ActiveCfg = Debug|Any CPU
		{1FD1BA85-25F8-460D-B588-0E753CFF578D}.AdHoc|iPhoneSimulator.Build.0 = Debug|Any CPU
		{1FD1BA85-25F8-460D-B588-0E753CFF578D}.AppStore|iPhone.ActiveCfg = Debug|Any CPU
		{1FD1BA85-25F8-460D-B588-0E753CFF578D}.AppStore|iPhone.Build.0 = Debug|Any CPU
		{1FD1BA85-25F8-460D-B588-0E753CFF578D}.AppStore|iPhoneSimulator.ActiveCfg = Debug|Any CPU
		{1FD1BA85-25F8-460D-B588-0E753CFF578D}.AppStore|iPhoneSimulator.Build.0 = Debug|Any CPU
		{1FD1BA85-25F8-460D-B588-0E753CFF578D}.Debug|Any CPU.ActiveCfg = Debug|Any CPU
		{1FD1BA85-25F8-460D-B588-0E753CFF578D}.Debug|Any CPU.Build.0 = Debug|Any CPU
		{1FD1BA85-25F8-460D-B588-0E753CFF578D}.Debug|iPhone.ActiveCfg = Debug|Any CPU
		{1FD1BA85-25F8-460D-B588-0E753CFF578D}.Debug|iPhone.Build.0 = Debug|Any CPU
		{1FD1BA85-25F8-460D-B588-0E753CFF578D}.Debug|iPhoneSimulator.ActiveCfg = Debug|Any CPU
		{1FD1BA85-25F8-460D-B588-0E753CFF578D}.Debug|iPhoneSimulator.Build.0 = Debug|Any CPU
		{1FD1BA85-25F8-460D-B588-0E753CFF578D}.Release|Any CPU.ActiveCfg = Release|Any CPU
		{1FD1BA85-25F8-460D-B588-0E753CFF578D}.Release|Any CPU.Build.0 = Release|Any CPU
		{1FD1BA85-25F8-460D-B588-0E753CFF578D}.Release|iPhone.ActiveCfg = Release|Any CPU
		{1FD1BA85-25F8-460D-B588-0E753CFF578D}.Release|iPhone.Build.0 = Release|Any CPU
		{1FD1BA85-25F8-460D-B588-0E753CFF578D}.Release|iPhoneSimulator.ActiveCfg = Release|Any CPU
		{1FD1BA85-25F8-460D-B588-0E753CFF578D}.Release|iPhoneSimulator.Build.0 = Release|Any CPU
		{3A0C5D98-D568-43C1-A877-B1BA00BA4A87}.AdHoc|iPhone.ActiveCfg = Debug|Any CPU
		{3A0C5D98-D568-43C1-A877-B1BA00BA4A87}.AdHoc|iPhone.Build.0 = Debug|Any CPU
		{3A0C5D98-D568-43C1-A877-B1BA00BA4A87}.AdHoc|iPhoneSimulator.ActiveCfg = Debug|Any CPU
		{3A0C5D98-D568-43C1-A877-B1BA00BA4A87}.AdHoc|iPhoneSimulator.Build.0 = Debug|Any CPU
		{3A0C5D98-D568-43C1-A877-B1BA00BA4A87}.AppStore|iPhone.ActiveCfg = Debug|Any CPU
		{3A0C5D98-D568-43C1-A877-B1BA00BA4A87}.AppStore|iPhone.Build.0 = Debug|Any CPU
		{3A0C5D98-D568-43C1-A877-B1BA00BA4A87}.AppStore|iPhoneSimulator.ActiveCfg = Debug|Any CPU
		{3A0C5D98-D568-43C1-A877-B1BA00BA4A87}.AppStore|iPhoneSimulator.Build.0 = Debug|Any CPU
		{3A0C5D98-D568-43C1-A877-B1BA00BA4A87}.Debug|Any CPU.ActiveCfg = Debug|Any CPU
		{3A0C5D98-D568-43C1-A877-B1BA00BA4A87}.Debug|Any CPU.Build.0 = Debug|Any CPU
		{3A0C5D98-D568-43C1-A877-B1BA00BA4A87}.Debug|iPhone.ActiveCfg = Debug|Any CPU
		{3A0C5D98-D568-43C1-A877-B1BA00BA4A87}.Debug|iPhone.Build.0 = Debug|Any CPU
		{3A0C5D98-D568-43C1-A877-B1BA00BA4A87}.Debug|iPhoneSimulator.ActiveCfg = Debug|Any CPU
		{3A0C5D98-D568-43C1-A877-B1BA00BA4A87}.Debug|iPhoneSimulator.Build.0 = Debug|Any CPU
		{3A0C5D98-D568-43C1-A877-B1BA00BA4A87}.Release|Any CPU.ActiveCfg = Release|Any CPU
		{3A0C5D98-D568-43C1-A877-B1BA00BA4A87}.Release|Any CPU.Build.0 = Release|Any CPU
		{3A0C5D98-D568-43C1-A877-B1BA00BA4A87}.Release|iPhone.ActiveCfg = Release|Any CPU
		{3A0C5D98-D568-43C1-A877-B1BA00BA4A87}.Release|iPhone.Build.0 = Release|Any CPU
		{3A0C5D98-D568-43C1-A877-B1BA00BA4A87}.Release|iPhoneSimulator.ActiveCfg = Release|Any CPU
		{3A0C5D98-D568-43C1-A877-B1BA00BA4A87}.Release|iPhoneSimulator.Build.0 = Release|Any CPU
		{3FFBFFF8-5560-4EDE-82E5-3FFDFBBA8A50}.AdHoc|iPhone.ActiveCfg = AdHoc|iPhone
		{3FFBFFF8-5560-4EDE-82E5-3FFDFBBA8A50}.AdHoc|iPhone.Build.0 = AdHoc|iPhone
		{3FFBFFF8-5560-4EDE-82E5-3FFDFBBA8A50}.AdHoc|iPhoneSimulator.ActiveCfg = AdHoc|iPhoneSimulator
		{3FFBFFF8-5560-4EDE-82E5-3FFDFBBA8A50}.AdHoc|iPhoneSimulator.Build.0 = AdHoc|iPhoneSimulator
		{3FFBFFF8-5560-4EDE-82E5-3FFDFBBA8A50}.AppStore|iPhone.ActiveCfg = AppStore|iPhone
		{3FFBFFF8-5560-4EDE-82E5-3FFDFBBA8A50}.AppStore|iPhone.Build.0 = AppStore|iPhone
		{3FFBFFF8-5560-4EDE-82E5-3FFDFBBA8A50}.AppStore|iPhoneSimulator.ActiveCfg = AppStore|iPhoneSimulator
		{3FFBFFF8-5560-4EDE-82E5-3FFDFBBA8A50}.AppStore|iPhoneSimulator.Build.0 = AppStore|iPhoneSimulator
		{3FFBFFF8-5560-4EDE-82E5-3FFDFBBA8A50}.Debug|Any CPU.ActiveCfg = Debug|iPhoneSimulator
		{3FFBFFF8-5560-4EDE-82E5-3FFDFBBA8A50}.Debug|Any CPU.Build.0 = Debug|iPhoneSimulator
		{3FFBFFF8-5560-4EDE-82E5-3FFDFBBA8A50}.Debug|iPhone.ActiveCfg = Debug|iPhone
		{3FFBFFF8-5560-4EDE-82E5-3FFDFBBA8A50}.Debug|iPhone.Build.0 = Debug|iPhone
		{3FFBFFF8-5560-4EDE-82E5-3FFDFBBA8A50}.Debug|iPhoneSimulator.ActiveCfg = Debug|iPhoneSimulator
		{3FFBFFF8-5560-4EDE-82E5-3FFDFBBA8A50}.Debug|iPhoneSimulator.Build.0 = Debug|iPhoneSimulator
		{3FFBFFF8-5560-4EDE-82E5-3FFDFBBA8A50}.Release|Any CPU.ActiveCfg = Release|iPhoneSimulator
		{3FFBFFF8-5560-4EDE-82E5-3FFDFBBA8A50}.Release|Any CPU.Build.0 = Release|iPhoneSimulator
		{3FFBFFF8-5560-4EDE-82E5-3FFDFBBA8A50}.Release|iPhone.ActiveCfg = Release|iPhone
		{3FFBFFF8-5560-4EDE-82E5-3FFDFBBA8A50}.Release|iPhone.Build.0 = Release|iPhone
		{3FFBFFF8-5560-4EDE-82E5-3FFDFBBA8A50}.Release|iPhoneSimulator.ActiveCfg = Release|iPhoneSimulator
		{3FFBFFF8-5560-4EDE-82E5-3FFDFBBA8A50}.Release|iPhoneSimulator.Build.0 = Release|iPhoneSimulator
		{6D7B9B53-CFEF-46BE-A608-14A4A1381CF6}.AdHoc|iPhone.ActiveCfg = Debug|Any CPU
		{6D7B9B53-CFEF-46BE-A608-14A4A1381CF6}.AdHoc|iPhone.Build.0 = Debug|Any CPU
		{6D7B9B53-CFEF-46BE-A608-14A4A1381CF6}.AdHoc|iPhoneSimulator.ActiveCfg = Debug|Any CPU
		{6D7B9B53-CFEF-46BE-A608-14A4A1381CF6}.AdHoc|iPhoneSimulator.Build.0 = Debug|Any CPU
		{6D7B9B53-CFEF-46BE-A608-14A4A1381CF6}.AppStore|iPhone.ActiveCfg = Debug|Any CPU
		{6D7B9B53-CFEF-46BE-A608-14A4A1381CF6}.AppStore|iPhone.Build.0 = Debug|Any CPU
		{6D7B9B53-CFEF-46BE-A608-14A4A1381CF6}.AppStore|iPhoneSimulator.ActiveCfg = Debug|Any CPU
		{6D7B9B53-CFEF-46BE-A608-14A4A1381CF6}.AppStore|iPhoneSimulator.Build.0 = Debug|Any CPU
		{6D7B9B53-CFEF-46BE-A608-14A4A1381CF6}.Debug|Any CPU.ActiveCfg = Debug|Any CPU
		{6D7B9B53-CFEF-46BE-A608-14A4A1381CF6}.Debug|Any CPU.Build.0 = Debug|Any CPU
		{6D7B9B53-CFEF-46BE-A608-14A4A1381CF6}.Debug|iPhone.ActiveCfg = Debug|Any CPU
		{6D7B9B53-CFEF-46BE-A608-14A4A1381CF6}.Debug|iPhone.Build.0 = Debug|Any CPU
		{6D7B9B53-CFEF-46BE-A608-14A4A1381CF6}.Debug|iPhoneSimulator.ActiveCfg = Debug|Any CPU
		{6D7B9B53-CFEF-46BE-A608-14A4A1381CF6}.Debug|iPhoneSimulator.Build.0 = Debug|Any CPU
		{6D7B9B53-CFEF-46BE-A608-14A4A1381CF6}.Release|Any CPU.ActiveCfg = Release|Any CPU
		{6D7B9B53-CFEF-46BE-A608-14A4A1381CF6}.Release|Any CPU.Build.0 = Release|Any CPU
		{6D7B9B53-CFEF-46BE-A608-14A4A1381CF6}.Release|iPhone.ActiveCfg = Release|Any CPU
		{6D7B9B53-CFEF-46BE-A608-14A4A1381CF6}.Release|iPhone.Build.0 = Release|Any CPU
		{6D7B9B53-CFEF-46BE-A608-14A4A1381CF6}.Release|iPhoneSimulator.ActiveCfg = Release|Any CPU
		{6D7B9B53-CFEF-46BE-A608-14A4A1381CF6}.Release|iPhoneSimulator.Build.0 = Release|Any CPU
		{FECA9DCA-3B0B-4C0E-B7B4-E826C1BFDDB2}.AdHoc|iPhone.ActiveCfg = Debug|Any CPU
		{FECA9DCA-3B0B-4C0E-B7B4-E826C1BFDDB2}.AdHoc|iPhone.Build.0 = Debug|Any CPU
		{FECA9DCA-3B0B-4C0E-B7B4-E826C1BFDDB2}.AdHoc|iPhoneSimulator.ActiveCfg = Debug|Any CPU
		{FECA9DCA-3B0B-4C0E-B7B4-E826C1BFDDB2}.AdHoc|iPhoneSimulator.Build.0 = Debug|Any CPU
		{FECA9DCA-3B0B-4C0E-B7B4-E826C1BFDDB2}.AppStore|iPhone.ActiveCfg = Debug|Any CPU
		{FECA9DCA-3B0B-4C0E-B7B4-E826C1BFDDB2}.AppStore|iPhone.Build.0 = Debug|Any CPU
		{FECA9DCA-3B0B-4C0E-B7B4-E826C1BFDDB2}.AppStore|iPhoneSimulator.ActiveCfg = Debug|Any CPU
		{FECA9DCA-3B0B-4C0E-B7B4-E826C1BFDDB2}.AppStore|iPhoneSimulator.Build.0 = Debug|Any CPU
		{FECA9DCA-3B0B-4C0E-B7B4-E826C1BFDDB2}.Debug|Any CPU.ActiveCfg = Debug|Any CPU
		{FECA9DCA-3B0B-4C0E-B7B4-E826C1BFDDB2}.Debug|Any CPU.Build.0 = Debug|Any CPU
		{FECA9DCA-3B0B-4C0E-B7B4-E826C1BFDDB2}.Debug|iPhone.ActiveCfg = Debug|Any CPU
		{FECA9DCA-3B0B-4C0E-B7B4-E826C1BFDDB2}.Debug|iPhone.Build.0 = Debug|Any CPU
		{FECA9DCA-3B0B-4C0E-B7B4-E826C1BFDDB2}.Debug|iPhoneSimulator.ActiveCfg = Debug|Any CPU
		{FECA9DCA-3B0B-4C0E-B7B4-E826C1BFDDB2}.Debug|iPhoneSimulator.Build.0 = Debug|Any CPU
		{FECA9DCA-3B0B-4C0E-B7B4-E826C1BFDDB2}.Release|Any CPU.ActiveCfg = Release|Any CPU
		{FECA9DCA-3B0B-4C0E-B7B4-E826C1BFDDB2}.Release|Any CPU.Build.0 = Release|Any CPU
		{FECA9DCA-3B0B-4C0E-B7B4-E826C1BFDDB2}.Release|iPhone.ActiveCfg = Release|Any CPU
		{FECA9DCA-3B0B-4C0E-B7B4-E826C1BFDDB2}.Release|iPhone.Build.0 = Release|Any CPU
		{FECA9DCA-3B0B-4C0E-B7B4-E826C1BFDDB2}.Release|iPhoneSimulator.ActiveCfg = Release|Any CPU
		{FECA9DCA-3B0B-4C0E-B7B4-E826C1BFDDB2}.Release|iPhoneSimulator.Build.0 = Release|Any CPU
	EndGlobalSection
	GlobalSection(NestedProjects) = preSolution
		{3A0C5D98-D568-43C1-A877-B1BA00BA4A87} = {717B4DC0-B403-448A-905A-37AC0773F6E3}
		{1FD1BA85-25F8-460D-B588-0E753CFF578D} = {717B4DC0-B403-448A-905A-37AC0773F6E3}
		{6D7B9B53-CFEF-46BE-A608-14A4A1381CF6} = {717B4DC0-B403-448A-905A-37AC0773F6E3}
		{3FFBFFF8-5560-4EDE-82E5-3FFDFBBA8A50} = {717B4DC0-B403-448A-905A-37AC0773F6E3}
	EndGlobalSection
	GlobalSection(MonoDevelopProperties) = preSolution
		StartupItem = CodeFramework\CodeFramework.csproj
	EndGlobalSection
EndGlobal
