
Microsoft Visual Studio Solution File, Format Version 12.00
# Visual Studio 2012
Project("{FAE04EC0-301F-11D3-BF4B-00C04F79EFBC}") = "CodeFramework.iOS", "CodeFramework.iOS\CodeFramework.iOS.csproj", "{2698B412-26A3-4269-AA01-AC3BC79A0F14}"
EndProject
Project("{2150E333-8FDC-42A3-9474-1A3956D46DE8}") = "lib", "lib", "{E22CFC37-608B-4C90-9EB0-EF3A83E1A216}"
EndProject
Project("{FAE04EC0-301F-11D3-BF4B-00C04F79EFBC}") = "Xamarin.Utilities.iOS", "lib\Xamarin.Utilities\Xamarin.Utilities.iOS\Xamarin.Utilities.iOS.csproj", "{5E7E39CA-0CCE-41FE-A868-EE0E567E069E}"
EndProject
Project("{FAE04EC0-301F-11D3-BF4B-00C04F79EFBC}") = "CodeFramework.Android", "CodeFramework.Android\CodeFramework.Android.csproj", "{20D25235-5C9C-4F93-8227-A0322D1230D8}"
EndProject
Project("{FAE04EC0-301F-11D3-BF4B-00C04F79EFBC}") = "CodeFramework.Common", "CodeFramework.Common\CodeFramework.Common.csproj", "{6E1C9E25-915A-4454-8BBD-61E6918BFCF1}"
EndProject
Project("{FAE04EC0-301F-11D3-BF4B-00C04F79EFBC}") = "Xamarin.Utilities.Core.iOS", "lib\Xamarin.Utilities\Xamarin.Utilities.Core\Xamarin.Utilities.Core.iOS.csproj", "{FDF746EB-46C2-4B70-80AC-07B542140836}"
EndProject
Project("{FAE04EC0-301F-11D3-BF4B-00C04F79EFBC}") = "Xamarin.Utilities.Core.Android", "lib\Xamarin.Utilities\Xamarin.Utilities.Core\Xamarin.Utilities.Core.Android.csproj", "{2C53C231-048E-4143-AEFA-1F83CF020329}"
EndProject
Project("{FAE04EC0-301F-11D3-BF4B-00C04F79EFBC}") = "Xamarin.Utilities.Android", "lib\Xamarin.Utilities\Xamarin.Utilities.Android\Xamarin.Utilities.Android.csproj", "{9D4EB2B6-0F07-46EF-B88D-08BF7813AEA7}"
EndProject
Project("{FAE04EC0-301F-11D3-BF4B-00C04F79EFBC}") = "CodeFramework.Core.Android", "CodeFramework.Core\CodeFramework.Core.Android.csproj", "{CFC1635C-7681-4850-85E0-D4401E005679}"
EndProject
Project("{FAE04EC0-301F-11D3-BF4B-00C04F79EFBC}") = "CodeFramework.Core.iOS", "CodeFramework.Core\CodeFramework.Core.iOS.csproj", "{60A19D9D-B902-4942-ABD5-0FB3A19CA3E5}"
EndProject
Global
	GlobalSection(SolutionConfigurationPlatforms) = preSolution
		Debug|Any CPU = Debug|Any CPU
		Release|Any CPU = Release|Any CPU
	EndGlobalSection
	GlobalSection(ProjectConfigurationPlatforms) = postSolution
		{2698B412-26A3-4269-AA01-AC3BC79A0F14}.Debug|Any CPU.ActiveCfg = Debug|Any CPU
		{2698B412-26A3-4269-AA01-AC3BC79A0F14}.Debug|Any CPU.Build.0 = Debug|Any CPU
		{2698B412-26A3-4269-AA01-AC3BC79A0F14}.Release|Any CPU.ActiveCfg = Release|Any CPU
		{2698B412-26A3-4269-AA01-AC3BC79A0F14}.Release|Any CPU.Build.0 = Release|Any CPU
		{5E7E39CA-0CCE-41FE-A868-EE0E567E069E}.Debug|Any CPU.ActiveCfg = Debug|Any CPU
		{5E7E39CA-0CCE-41FE-A868-EE0E567E069E}.Debug|Any CPU.Build.0 = Debug|Any CPU
		{5E7E39CA-0CCE-41FE-A868-EE0E567E069E}.Release|Any CPU.ActiveCfg = Release|Any CPU
		{5E7E39CA-0CCE-41FE-A868-EE0E567E069E}.Release|Any CPU.Build.0 = Release|Any CPU
		{20D25235-5C9C-4F93-8227-A0322D1230D8}.Debug|Any CPU.ActiveCfg = Debug|Any CPU
		{20D25235-5C9C-4F93-8227-A0322D1230D8}.Debug|Any CPU.Build.0 = Debug|Any CPU
		{20D25235-5C9C-4F93-8227-A0322D1230D8}.Release|Any CPU.ActiveCfg = Release|Any CPU
		{20D25235-5C9C-4F93-8227-A0322D1230D8}.Release|Any CPU.Build.0 = Release|Any CPU
		{6E1C9E25-915A-4454-8BBD-61E6918BFCF1}.Debug|Any CPU.ActiveCfg = Debug|Any CPU
		{6E1C9E25-915A-4454-8BBD-61E6918BFCF1}.Debug|Any CPU.Build.0 = Debug|Any CPU
		{6E1C9E25-915A-4454-8BBD-61E6918BFCF1}.Release|Any CPU.ActiveCfg = Release|Any CPU
		{6E1C9E25-915A-4454-8BBD-61E6918BFCF1}.Release|Any CPU.Build.0 = Release|Any CPU
		{FDF746EB-46C2-4B70-80AC-07B542140836}.Debug|Any CPU.ActiveCfg = Debug|Any CPU
		{FDF746EB-46C2-4B70-80AC-07B542140836}.Debug|Any CPU.Build.0 = Debug|Any CPU
		{FDF746EB-46C2-4B70-80AC-07B542140836}.Release|Any CPU.ActiveCfg = Release|Any CPU
		{FDF746EB-46C2-4B70-80AC-07B542140836}.Release|Any CPU.Build.0 = Release|Any CPU
		{2C53C231-048E-4143-AEFA-1F83CF020329}.Debug|Any CPU.ActiveCfg = Debug|Any CPU
		{2C53C231-048E-4143-AEFA-1F83CF020329}.Debug|Any CPU.Build.0 = Debug|Any CPU
		{2C53C231-048E-4143-AEFA-1F83CF020329}.Release|Any CPU.ActiveCfg = Release|Any CPU
		{2C53C231-048E-4143-AEFA-1F83CF020329}.Release|Any CPU.Build.0 = Release|Any CPU
		{9D4EB2B6-0F07-46EF-B88D-08BF7813AEA7}.Debug|Any CPU.ActiveCfg = Debug|Any CPU
		{9D4EB2B6-0F07-46EF-B88D-08BF7813AEA7}.Debug|Any CPU.Build.0 = Debug|Any CPU
		{9D4EB2B6-0F07-46EF-B88D-08BF7813AEA7}.Release|Any CPU.ActiveCfg = Release|Any CPU
		{9D4EB2B6-0F07-46EF-B88D-08BF7813AEA7}.Release|Any CPU.Build.0 = Release|Any CPU
		{CFC1635C-7681-4850-85E0-D4401E005679}.Debug|Any CPU.ActiveCfg = Debug|Any CPU
		{CFC1635C-7681-4850-85E0-D4401E005679}.Debug|Any CPU.Build.0 = Debug|Any CPU
		{CFC1635C-7681-4850-85E0-D4401E005679}.Release|Any CPU.ActiveCfg = Release|Any CPU
		{CFC1635C-7681-4850-85E0-D4401E005679}.Release|Any CPU.Build.0 = Release|Any CPU
		{60A19D9D-B902-4942-ABD5-0FB3A19CA3E5}.Debug|Any CPU.ActiveCfg = Debug|Any CPU
		{60A19D9D-B902-4942-ABD5-0FB3A19CA3E5}.Debug|Any CPU.Build.0 = Debug|Any CPU
		{60A19D9D-B902-4942-ABD5-0FB3A19CA3E5}.Release|Any CPU.ActiveCfg = Release|Any CPU
		{60A19D9D-B902-4942-ABD5-0FB3A19CA3E5}.Release|Any CPU.Build.0 = Release|Any CPU
	EndGlobalSection
	GlobalSection(SolutionProperties) = preSolution
		HideSolutionNode = FALSE
	EndGlobalSection
	GlobalSection(NestedProjects) = preSolution
		{5E7E39CA-0CCE-41FE-A868-EE0E567E069E} = {E22CFC37-608B-4C90-9EB0-EF3A83E1A216}
		{FDF746EB-46C2-4B70-80AC-07B542140836} = {E22CFC37-608B-4C90-9EB0-EF3A83E1A216}
		{2C53C231-048E-4143-AEFA-1F83CF020329} = {E22CFC37-608B-4C90-9EB0-EF3A83E1A216}
		{9D4EB2B6-0F07-46EF-B88D-08BF7813AEA7} = {E22CFC37-608B-4C90-9EB0-EF3A83E1A216}
	EndGlobalSection
EndGlobal
